
Microsoft Visual Studio Solution File, Format Version 12.00
# Visual Studio Version 16
VisualStudioVersion = 16.0.810.6
MinimumVisualStudioVersion = 10.0.40219.1
Project("{FAE04EC0-301F-11D3-BF4B-00C04F79EFBC}") = "dwx2", "dwx2\dwx2.csproj", "{1C0AE59A-F00E-4EB8-9856-B0C9433D7DAA}"
EndProject
Global
	GlobalSection(SolutionConfigurationPlatforms) = preSolution
		Debug|anycpu = Debug|anycpu
		Release|anycpu = Release|anycpu
	EndGlobalSection
	GlobalSection(ProjectConfigurationPlatforms) = postSolution
		{1C0AE59A-F00E-4EB8-9856-B0C9433D7DAA}.Debug|anycpu.ActiveCfg = Debug|anycpu
		{1C0AE59A-F00E-4EB8-9856-B0C9433D7DAA}.Debug|anycpu.Build.0 = Debug|anycpu
		{1C0AE59A-F00E-4EB8-9856-B0C9433D7DAA}.Release|anycpu.ActiveCfg = Release|anycpu
		{1C0AE59A-F00E-4EB8-9856-B0C9433D7DAA}.Release|anycpu.Build.0 = Release|anycpu
	EndGlobalSection
	GlobalSection(SolutionProperties) = preSolution
		HideSolutionNode = FALSE
	EndGlobalSection
	GlobalSection(ExtensibilityGlobals) = postSolution
		SolutionGuid = {7DF4D08F-2842-4A89-9DE9-B8D3921A4EF2}
	EndGlobalSection
EndGlobal
